// !$*UTF8*$!
{
	archiveVersion = 1;
	classes = {
	};
	objectVersion = 46;
	objects = {

/* Begin PBXBuildFile section */
		D6C8985D1CBA243400B8781A /* AppDelegate.swift in Sources */ = {isa = PBXBuildFile; fileRef = D6C8985C1CBA243400B8781A /* AppDelegate.swift */; };
		D6C8985F1CBA243400B8781A /* ViewController.swift in Sources */ = {isa = PBXBuildFile; fileRef = D6C8985E1CBA243400B8781A /* ViewController.swift */; };
		D6C898621CBA243400B8781A /* Main.storyboard in Resources */ = {isa = PBXBuildFile; fileRef = D6C898601CBA243400B8781A /* Main.storyboard */; };
		D6C898641CBA243400B8781A /* Assets.xcassets in Resources */ = {isa = PBXBuildFile; fileRef = D6C898631CBA243400B8781A /* Assets.xcassets */; };
		D6C898671CBA243400B8781A /* LaunchScreen.storyboard in Resources */ = {isa = PBXBuildFile; fileRef = D6C898651CBA243400B8781A /* LaunchScreen.storyboard */; };
		D6C898721CBA243400B8781A /* CityInfoTests.swift in Sources */ = {isa = PBXBuildFile; fileRef = D6C898711CBA243400B8781A /* CityInfoTests.swift */; };
		D6C8987D1CBA243400B8781A /* CityInfoUITests.swift in Sources */ = {isa = PBXBuildFile; fileRef = D6C8987C1CBA243400B8781A /* CityInfoUITests.swift */; };
/* End PBXBuildFile section */

/* Begin PBXContainerItemProxy section */
		D6C8986E1CBA243400B8781A /* PBXContainerItemProxy */ = {
			isa = PBXContainerItemProxy;
			containerPortal = D6C898511CBA243300B8781A /* Project object */;
			proxyType = 1;
			remoteGlobalIDString = D6C898581CBA243300B8781A;
			remoteInfo = CityInfo;
		};
		D6C898791CBA243400B8781A /* PBXContainerItemProxy */ = {
			isa = PBXContainerItemProxy;
			containerPortal = D6C898511CBA243300B8781A /* Project object */;
			proxyType = 1;
			remoteGlobalIDString = D6C898581CBA243300B8781A;
			remoteInfo = CityInfo;
		};
/* End PBXContainerItemProxy section */

/* Begin PBXFileReference section */
		D6C898591CBA243300B8781A /* CityInfo.app */ = {isa = PBXFileReference; explicitFileType = wrapper.application; includeInIndex = 0; path = CityInfo.app; sourceTree = BUILT_PRODUCTS_DIR; };
		D6C8985C1CBA243400B8781A /* AppDelegate.swift */ = {isa = PBXFileReference; lastKnownFileType = sourcecode.swift; path = AppDelegate.swift; sourceTree = "<group>"; };
		D6C8985E1CBA243400B8781A /* ViewController.swift */ = {isa = PBXFileReference; lastKnownFileType = sourcecode.swift; path = ViewController.swift; sourceTree = "<group>"; };
		D6C898611CBA243400B8781A /* Base */ = {isa = PBXFileReference; lastKnownFileType = file.storyboard; name = Base; path = Base.lproj/Main.storyboard; sourceTree = "<group>"; };
		D6C898631CBA243400B8781A /* Assets.xcassets */ = {isa = PBXFileReference; lastKnownFileType = folder.assetcatalog; path = Assets.xcassets; sourceTree = "<group>"; };
		D6C898661CBA243400B8781A /* Base */ = {isa = PBXFileReference; lastKnownFileType = file.storyboard; name = Base; path = Base.lproj/LaunchScreen.storyboard; sourceTree = "<group>"; };
		D6C898681CBA243400B8781A /* Info.plist */ = {isa = PBXFileReference; lastKnownFileType = text.plist.xml; path = Info.plist; sourceTree = "<group>"; };
		D6C8986D1CBA243400B8781A /* CityInfoTests.xctest */ = {isa = PBXFileReference; explicitFileType = wrapper.cfbundle; includeInIndex = 0; path = CityInfoTests.xctest; sourceTree = BUILT_PRODUCTS_DIR; };
		D6C898711CBA243400B8781A /* CityInfoTests.swift */ = {isa = PBXFileReference; lastKnownFileType = sourcecode.swift; path = CityInfoTests.swift; sourceTree = "<group>"; };
		D6C898731CBA243400B8781A /* Info.plist */ = {isa = PBXFileReference; lastKnownFileType = text.plist.xml; path = Info.plist; sourceTree = "<group>"; };
		D6C898781CBA243400B8781A /* CityInfoUITests.xctest */ = {isa = PBXFileReference; explicitFileType = wrapper.cfbundle; includeInIndex = 0; path = CityInfoUITests.xctest; sourceTree = BUILT_PRODUCTS_DIR; };
		D6C8987C1CBA243400B8781A /* CityInfoUITests.swift */ = {isa = PBXFileReference; lastKnownFileType = sourcecode.swift; path = CityInfoUITests.swift; sourceTree = "<group>"; };
		D6C8987E1CBA243400B8781A /* Info.plist */ = {isa = PBXFileReference; lastKnownFileType = text.plist.xml; path = Info.plist; sourceTree = "<group>"; };
/* End PBXFileReference section */

/* Begin PBXFrameworksBuildPhase section */
		D6C898561CBA243300B8781A /* Frameworks */ = {
			isa = PBXFrameworksBuildPhase;
			buildActionMask = 2147483647;
			files = (
			);
			runOnlyForDeploymentPostprocessing = 0;
		};
		D6C8986A1CBA243400B8781A /* Frameworks */ = {
			isa = PBXFrameworksBuildPhase;
			buildActionMask = 2147483647;
			files = (
			);
			runOnlyForDeploymentPostprocessing = 0;
		};
		D6C898751CBA243400B8781A /* Frameworks */ = {
			isa = PBXFrameworksBuildPhase;
			buildActionMask = 2147483647;
			files = (
			);
			runOnlyForDeploymentPostprocessing = 0;
		};
/* End PBXFrameworksBuildPhase section */

/* Begin PBXGroup section */
		D6C898501CBA243300B8781A = {
			isa = PBXGroup;
			children = (
				D6C8985B1CBA243400B8781A /* CityInfo */,
				D6C898701CBA243400B8781A /* CityInfoTests */,
				D6C8987B1CBA243400B8781A /* CityInfoUITests */,
				D6C8985A1CBA243300B8781A /* Products */,
			);
			sourceTree = "<group>";
		};
		D6C8985A1CBA243300B8781A /* Products */ = {
			isa = PBXGroup;
			children = (
				D6C898591CBA243300B8781A /* CityInfo.app */,
				D6C8986D1CBA243400B8781A /* CityInfoTests.xctest */,
				D6C898781CBA243400B8781A /* CityInfoUITests.xctest */,
			);
			name = Products;
			sourceTree = "<group>";
		};
		D6C8985B1CBA243400B8781A /* CityInfo */ = {
			isa = PBXGroup;
			children = (
				D6C8985C1CBA243400B8781A /* AppDelegate.swift */,
				D6C8985E1CBA243400B8781A /* ViewController.swift */,
				D6C898601CBA243400B8781A /* Main.storyboard */,
				D6C898631CBA243400B8781A /* Assets.xcassets */,
				D6C898651CBA243400B8781A /* LaunchScreen.storyboard */,
				D6C898681CBA243400B8781A /* Info.plist */,
			);
			path = CityInfo;
			sourceTree = "<group>";
		};
		D6C898701CBA243400B8781A /* CityInfoTests */ = {
			isa = PBXGroup;
			children = (
				D6C898711CBA243400B8781A /* CityInfoTests.swift */,
				D6C898731CBA243400B8781A /* Info.plist */,
			);
			path = CityInfoTests;
			sourceTree = "<group>";
		};
		D6C8987B1CBA243400B8781A /* CityInfoUITests */ = {
			isa = PBXGroup;
			children = (
				D6C8987C1CBA243400B8781A /* CityInfoUITests.swift */,
				D6C8987E1CBA243400B8781A /* Info.plist */,
			);
			path = CityInfoUITests;
			sourceTree = "<group>";
		};
/* End PBXGroup section */

/* Begin PBXNativeTarget section */
		D6C898581CBA243300B8781A /* CityInfo */ = {
			isa = PBXNativeTarget;
			buildConfigurationList = D6C898811CBA243400B8781A /* Build configuration list for PBXNativeTarget "CityInfo" */;
			buildPhases = (
				D6C898551CBA243300B8781A /* Sources */,
				D6C898561CBA243300B8781A /* Frameworks */,
				D6C898571CBA243300B8781A /* Resources */,
			);
			buildRules = (
			);
			dependencies = (
			);
			name = CityInfo;
			productName = CityInfo;
			productReference = D6C898591CBA243300B8781A /* CityInfo.app */;
			productType = "com.apple.product-type.application";
		};
		D6C8986C1CBA243400B8781A /* CityInfoTests */ = {
			isa = PBXNativeTarget;
			buildConfigurationList = D6C898841CBA243400B8781A /* Build configuration list for PBXNativeTarget "CityInfoTests" */;
			buildPhases = (
				D6C898691CBA243400B8781A /* Sources */,
				D6C8986A1CBA243400B8781A /* Frameworks */,
				D6C8986B1CBA243400B8781A /* Resources */,
			);
			buildRules = (
			);
			dependencies = (
				D6C8986F1CBA243400B8781A /* PBXTargetDependency */,
			);
			name = CityInfoTests;
			productName = CityInfoTests;
			productReference = D6C8986D1CBA243400B8781A /* CityInfoTests.xctest */;
			productType = "com.apple.product-type.bundle.unit-test";
		};
		D6C898771CBA243400B8781A /* CityInfoUITests */ = {
			isa = PBXNativeTarget;
			buildConfigurationList = D6C898871CBA243400B8781A /* Build configuration list for PBXNativeTarget "CityInfoUITests" */;
			buildPhases = (
				D6C898741CBA243400B8781A /* Sources */,
				D6C898751CBA243400B8781A /* Frameworks */,
				D6C898761CBA243400B8781A /* Resources */,
			);
			buildRules = (
			);
			dependencies = (
				D6C8987A1CBA243400B8781A /* PBXTargetDependency */,
			);
			name = CityInfoUITests;
			productName = CityInfoUITests;
			productReference = D6C898781CBA243400B8781A /* CityInfoUITests.xctest */;
			productType = "com.apple.product-type.bundle.ui-testing";
		};
/* End PBXNativeTarget section */

/* Begin PBXProject section */
		D6C898511CBA243300B8781A /* Project object */ = {
			isa = PBXProject;
			attributes = {
				LastSwiftUpdateCheck = 0730;
				LastUpgradeCheck = 0730;
				ORGANIZATIONNAME = "Firoz Ansari";
				TargetAttributes = {
					D6C898581CBA243300B8781A = {
						CreatedOnToolsVersion = 7.3;
					};
					D6C8986C1CBA243400B8781A = {
						CreatedOnToolsVersion = 7.3;
						TestTargetID = D6C898581CBA243300B8781A;
					};
					D6C898771CBA243400B8781A = {
						CreatedOnToolsVersion = 7.3;
						TestTargetID = D6C898581CBA243300B8781A;
					};
				};
			};
			buildConfigurationList = D6C898541CBA243300B8781A /* Build configuration list for PBXProject "CityInfo" */;
			compatibilityVersion = "Xcode 3.2";
			developmentRegion = English;
			hasScannedForEncodings = 0;
			knownRegions = (
				en,
				Base,
			);
			mainGroup = D6C898501CBA243300B8781A;
			productRefGroup = D6C8985A1CBA243300B8781A /* Products */;
			projectDirPath = "";
			projectRoot = "";
			targets = (
				D6C898581CBA243300B8781A /* CityInfo */,
				D6C8986C1CBA243400B8781A /* CityInfoTests */,
				D6C898771CBA243400B8781A /* CityInfoUITests */,
			);
		};
/* End PBXProject section */

/* Begin PBXResourcesBuildPhase section */
		D6C898571CBA243300B8781A /* Resources */ = {
			isa = PBXResourcesBuildPhase;
			buildActionMask = 2147483647;
			files = (
				D6C898671CBA243400B8781A /* LaunchScreen.storyboard in Resources */,
				D6C898641CBA243400B8781A /* Assets.xcassets in Resources */,
				D6C898621CBA243400B8781A /* Main.storyboard in Resources */,
			);
			runOnlyForDeploymentPostprocessing = 0;
		};
		D6C8986B1CBA243400B8781A /* Resources */ = {
			isa = PBXResourcesBuildPhase;
			buildActionMask = 2147483647;
			files = (
			);
			runOnlyForDeploymentPostprocessing = 0;
		};
		D6C898761CBA243400B8781A /* Resources */ = {
			isa = PBXResourcesBuildPhase;
			buildActionMask = 2147483647;
			files = (
			);
			runOnlyForDeploymentPostprocessing = 0;
		};
/* End PBXResourcesBuildPhase section */

/* Begin PBXSourcesBuildPhase section */
		D6C898551CBA243300B8781A /* Sources */ = {
			isa = PBXSourcesBuildPhase;
			buildActionMask = 2147483647;
			files = (
				D6C8985F1CBA243400B8781A /* ViewController.swift in Sources */,
				D6C8985D1CBA243400B8781A /* AppDelegate.swift in Sources */,
			);
			runOnlyForDeploymentPostprocessing = 0;
		};
		D6C898691CBA243400B8781A /* Sources */ = {
			isa = PBXSourcesBuildPhase;
			buildActionMask = 2147483647;
			files = (
				D6C898721CBA243400B8781A /* CityInfoTests.swift in Sources */,
			);
			runOnlyForDeploymentPostprocessing = 0;
		};
		D6C898741CBA243400B8781A /* Sources */ = {
			isa = PBXSourcesBuildPhase;
			buildActionMask = 2147483647;
			files = (
				D6C8987D1CBA243400B8781A /* CityInfoUITests.swift in Sources */,
			);
			runOnlyForDeploymentPostprocessing = 0;
		};
/* End PBXSourcesBuildPhase section */

/* Begin PBXTargetDependency section */
		D6C8986F1CBA243400B8781A /* PBXTargetDependency */ = {
			isa = PBXTargetDependency;
			target = D6C898581CBA243300B8781A /* CityInfo */;
			targetProxy = D6C8986E1CBA243400B8781A /* PBXContainerItemProxy */;
		};
		D6C8987A1CBA243400B8781A /* PBXTargetDependency */ = {
			isa = PBXTargetDependency;
			target = D6C898581CBA243300B8781A /* CityInfo */;
			targetProxy = D6C898791CBA243400B8781A /* PBXContainerItemProxy */;
		};
/* End PBXTargetDependency section */

/* Begin PBXVariantGroup section */
		D6C898601CBA243400B8781A /* Main.storyboard */ = {
			isa = PBXVariantGroup;
			children = (
				D6C898611CBA243400B8781A /* Base */,
			);
			name = Main.storyboard;
			sourceTree = "<group>";
		};
		D6C898651CBA243400B8781A /* LaunchScreen.storyboard */ = {
			isa = PBXVariantGroup;
			children = (
				D6C898661CBA243400B8781A /* Base */,
			);
			name = LaunchScreen.storyboard;
			sourceTree = "<group>";
		};
/* End PBXVariantGroup section */

/* Begin XCBuildConfiguration section */
		D6C8987F1CBA243400B8781A /* Debug */ = {
			isa = XCBuildConfiguration;
			buildSettings = {
				ALWAYS_SEARCH_USER_PATHS = NO;
				CLANG_ANALYZER_NONNULL = YES;
				CLANG_CXX_LANGUAGE_STANDARD = "gnu++0x";
				CLANG_CXX_LIBRARY = "libc++";
				CLANG_ENABLE_MODULES = YES;
				CLANG_ENABLE_OBJC_ARC = YES;
				CLANG_WARN_BOOL_CONVERSION = YES;
				CLANG_WARN_CONSTANT_CONVERSION = YES;
				CLANG_WARN_DIRECT_OBJC_ISA_USAGE = YES_ERROR;
				CLANG_WARN_EMPTY_BODY = YES;
				CLANG_WARN_ENUM_CONVERSION = YES;
				CLANG_WARN_INT_CONVERSION = YES;
				CLANG_WARN_OBJC_ROOT_CLASS = YES_ERROR;
				CLANG_WARN_UNREACHABLE_CODE = YES;
				CLANG_WARN__DUPLICATE_METHOD_MATCH = YES;
				"CODE_SIGN_IDENTITY[sdk=iphoneos*]" = "iPhone Developer";
				COPY_PHASE_STRIP = NO;
				DEBUG_INFORMATION_FORMAT = dwarf;
				ENABLE_STRICT_OBJC_MSGSEND = YES;
				ENABLE_TESTABILITY = YES;
				GCC_C_LANGUAGE_STANDARD = gnu99;
				GCC_DYNAMIC_NO_PIC = NO;
				GCC_NO_COMMON_BLOCKS = YES;
				GCC_OPTIMIZATION_LEVEL = 0;
				GCC_PREPROCESSOR_DEFINITIONS = (
					"DEBUG=1",
					"$(inherited)",
				);
				GCC_WARN_64_TO_32_BIT_CONVERSION = YES;
				GCC_WARN_ABOUT_RETURN_TYPE = YES_ERROR;
				GCC_WARN_UNDECLARED_SELECTOR = YES;
				GCC_WARN_UNINITIALIZED_AUTOS = YES_AGGRESSIVE;
				GCC_WARN_UNUSED_FUNCTION = YES;
				GCC_WARN_UNUSED_VARIABLE = YES;
				IPHONEOS_DEPLOYMENT_TARGET = 9.3;
				MTL_ENABLE_DEBUG_INFO = YES;
				ONLY_ACTIVE_ARCH = YES;
				SDKROOT = iphoneos;
				SWIFT_OPTIMIZATION_LEVEL = "-Onone";
			};
			name = Debug;
		};
		D6C898801CBA243400B8781A /* Release */ = {
			isa = XCBuildConfiguration;
			buildSettings = {
				ALWAYS_SEARCH_USER_PATHS = NO;
				CLANG_ANALYZER_NONNULL = YES;
				CLANG_CXX_LANGUAGE_STANDARD = "gnu++0x";
				CLANG_CXX_LIBRARY = "libc++";
				CLANG_ENABLE_MODULES = YES;
				CLANG_ENABLE_OBJC_ARC = YES;
				CLANG_WARN_BOOL_CONVERSION = YES;
				CLANG_WARN_CONSTANT_CONVERSION = YES;
				CLANG_WARN_DIRECT_OBJC_ISA_USAGE = YES_ERROR;
				CLANG_WARN_EMPTY_BODY = YES;
				CLANG_WARN_ENUM_CONVERSION = YES;
				CLANG_WARN_INT_CONVERSION = YES;
				CLANG_WARN_OBJC_ROOT_CLASS = YES_ERROR;
				CLANG_WARN_UNREACHABLE_CODE = YES;
				CLANG_WARN__DUPLICATE_METHOD_MATCH = YES;
				"CODE_SIGN_IDENTITY[sdk=iphoneos*]" = "iPhone Developer";
				COPY_PHASE_STRIP = NO;
				DEBUG_INFORMATION_FORMAT = "dwarf-with-dsym";
				ENABLE_NS_ASSERTIONS = NO;
				ENABLE_STRICT_OBJC_MSGSEND = YES;
				GCC_C_LANGUAGE_STANDARD = gnu99;
				GCC_NO_COMMON_BLOCKS = YES;
				GCC_WARN_64_TO_32_BIT_CONVERSION = YES;
				GCC_WARN_ABOUT_RETURN_TYPE = YES_ERROR;
				GCC_WARN_UNDECLARED_SELECTOR = YES;
				GCC_WARN_UNINITIALIZED_AUTOS = YES_AGGRESSIVE;
				GCC_WARN_UNUSED_FUNCTION = YES;
				GCC_WARN_UNUSED_VARIABLE = YES;
				IPHONEOS_DEPLOYMENT_TARGET = 9.3;
				MTL_ENABLE_DEBUG_INFO = NO;
				SDKROOT = iphoneos;
				VALIDATE_PRODUCT = YES;
			};
			name = Release;
		};
		D6C898821CBA243400B8781A /* Debug */ = {
			isa = XCBuildConfiguration;
			buildSettings = {
				ASSETCATALOG_COMPILER_APPICON_NAME = AppIcon;
				INFOPLIST_FILE = CityInfo/Info.plist;
				LD_RUNPATH_SEARCH_PATHS = "$(inherited) @executable_path/Frameworks";
				PRODUCT_BUNDLE_IDENTIFIER = com.firozansari.CityInfo;
				PRODUCT_NAME = "$(TARGET_NAME)";
			};
			name = Debug;
		};
		D6C898831CBA243400B8781A /* Release */ = {
			isa = XCBuildConfiguration;
			buildSettings = {
				ASSETCATALOG_COMPILER_APPICON_NAME = AppIcon;
				INFOPLIST_FILE = CityInfo/Info.plist;
				LD_RUNPATH_SEARCH_PATHS = "$(inherited) @executable_path/Frameworks";
				PRODUCT_BUNDLE_IDENTIFIER = com.firozansari.CityInfo;
				PRODUCT_NAME = "$(TARGET_NAME)";
			};
			name = Release;
		};
		D6C898851CBA243400B8781A /* Debug */ = {
			isa = XCBuildConfiguration;
			buildSettings = {
				BUNDLE_LOADER = "$(TEST_HOST)";
				INFOPLIST_FILE = CityInfoTests/Info.plist;
				LD_RUNPATH_SEARCH_PATHS = "$(inherited) @executable_path/Frameworks @loader_path/Frameworks";
				PRODUCT_BUNDLE_IDENTIFIER = com.firozansari.CityInfoTests;
				PRODUCT_NAME = "$(TARGET_NAME)";
				TEST_HOST = "$(BUILT_PRODUCTS_DIR)/CityInfo.app/CityInfo";
			};
			name = Debug;
		};
		D6C898861CBA243400B8781A /* Release */ = {
			isa = XCBuildConfiguration;
			buildSettings = {
				BUNDLE_LOADER = "$(TEST_HOST)";
				INFOPLIST_FILE = CityInfoTests/Info.plist;
				LD_RUNPATH_SEARCH_PATHS = "$(inherited) @executable_path/Frameworks @loader_path/Frameworks";
				PRODUCT_BUNDLE_IDENTIFIER = com.firozansari.CityInfoTests;
				PRODUCT_NAME = "$(TARGET_NAME)";
				TEST_HOST = "$(BUILT_PRODUCTS_DIR)/CityInfo.app/CityInfo";
			};
			name = Release;
		};
		D6C898881CBA243400B8781A /* Debug */ = {
			isa = XCBuildConfiguration;
			buildSettings = {
				INFOPLIST_FILE = CityInfoUITests/Info.plist;
				LD_RUNPATH_SEARCH_PATHS = "$(inherited) @executable_path/Frameworks @loader_path/Frameworks";
				PRODUCT_BUNDLE_IDENTIFIER = com.firozansari.CityInfoUITests;
				PRODUCT_NAME = "$(TARGET_NAME)";
				TEST_TARGET_NAME = CityInfo;
			};
			name = Debug;
		};
		D6C898891CBA243400B8781A /* Release */ = {
			isa = XCBuildConfiguration;
			buildSettings = {
				INFOPLIST_FILE = CityInfoUITests/Info.plist;
				LD_RUNPATH_SEARCH_PATHS = "$(inherited) @executable_path/Frameworks @loader_path/Frameworks";
				PRODUCT_BUNDLE_IDENTIFIER = com.firozansari.CityInfoUITests;
				PRODUCT_NAME = "$(TARGET_NAME)";
				TEST_TARGET_NAME = CityInfo;
			};
			name = Release;
		};
/* End XCBuildConfiguration section */

/* Begin XCConfigurationList section */
		D6C898541CBA243300B8781A /* Build configuration list for PBXProject "CityInfo" */ = {
			isa = XCConfigurationList;
			buildConfigurations = (
				D6C8987F1CBA243400B8781A /* Debug */,
				D6C898801CBA243400B8781A /* Release */,
			);
			defaultConfigurationIsVisible = 0;
			defaultConfigurationName = Release;
		};
		D6C898811CBA243400B8781A /* Build configuration list for PBXNativeTarget "CityInfo" */ = {
			isa = XCConfigurationList;
			buildConfigurations = (
				D6C898821CBA243400B8781A /* Debug */,
				D6C898831CBA243400B8781A /* Release */,
			);
			defaultConfigurationIsVisible = 0;
		};
		D6C898841CBA243400B8781A /* Build configuration list for PBXNativeTarget "CityInfoTests" */ = {
			isa = XCConfigurationList;
			buildConfigurations = (
				D6C898851CBA243400B8781A /* Debug */,
				D6C898861CBA243400B8781A /* Release */,
			);
			defaultConfigurationIsVisible = 0;
		};
		D6C898871CBA243400B8781A /* Build configuration list for PBXNativeTarget "CityInfoUITests" */ = {
			isa = XCConfigurationList;
			buildConfigurations = (
				D6C898881CBA243400B8781A /* Debug */,
				D6C898891CBA243400B8781A /* Release */,
			);
			defaultConfigurationIsVisible = 0;
		};
/* End XCConfigurationList section */
	};
	rootObject = D6C898511CBA243300B8781A /* Project object */;
}
